
Microsoft Visual Studio Solution File, Format Version 12.00
# Visual Studio Version 17
VisualStudioVersion = 17.0.31912.275
MinimumVisualStudioVersion = 10.0.40219.1
Project("{FAE04EC0-301F-11D3-BF4B-00C04F79EFBC}") = "ConsoleApp15.1", "ConsoleApp15.1.csproj", "{A257E89A-5700-4155-8B37-D1EE38DEDCD0}"
EndProject
Global
	GlobalSection(SolutionConfigurationPlatforms) = preSolution
		Debug|Any CPU = Debug|Any CPU
		Release|Any CPU = Release|Any CPU
	EndGlobalSection
	GlobalSection(ProjectConfigurationPlatforms) = postSolution
		{A257E89A-5700-4155-8B37-D1EE38DEDCD0}.Debug|Any CPU.ActiveCfg = Debug|Any CPU
		{A257E89A-5700-4155-8B37-D1EE38DEDCD0}.Debug|Any CPU.Build.0 = Debug|Any CPU
		{A257E89A-5700-4155-8B37-D1EE38DEDCD0}.Release|Any CPU.ActiveCfg = Release|Any CPU
		{A257E89A-5700-4155-8B37-D1EE38DEDCD0}.Release|Any CPU.Build.0 = Release|Any CPU
	EndGlobalSection
	GlobalSection(SolutionProperties) = preSolution
		HideSolutionNode = FALSE
	EndGlobalSection
	GlobalSection(ExtensibilityGlobals) = postSolution
		SolutionGuid = {9960FEA0-E7FF-4B21-8F51-96CC11481EFE}
	EndGlobalSection
EndGlobal
